
Microsoft Visual Studio Solution File, Format Version 12.00
# Visual Studio Version 17
VisualStudioVersion = 17.5.33530.505
MinimumVisualStudioVersion = 10.0.40219.1
Project("{2150E333-8FDC-42A3-9474-1A3956D46DE8}") = "SolutionItems", "SolutionItems", "{04BFAC57-5E4B-4271-9DC5-D0D4C8579B93}"
	ProjectSection(SolutionItems) = preProject
		.gitignore = .gitignore
		license.txt = license.txt
		README.md = README.md
	EndProjectSection
EndProject
Project("{9A19103F-16F7-4668-BE54-9A1E7A4F7556}") = "StarterSite", "StarterSite\StarterSite.csproj", "{F382D577-AEBB-4A0C-844A-F29806BA3167}"
EndProject
Project("{9A19103F-16F7-4668-BE54-9A1E7A4F7556}") = "StarterSite.Logic", "StarterSite.Logic\StarterSite.Logic.csproj", "{491F4E93-ED45-4B64-B1EB-34532D4A412E}"
EndProject
Project("{9A19103F-16F7-4668-BE54-9A1E7A4F7556}") = "StarterSite.Models", "StarterSite.Models\StarterSite.Models.csproj", "{9E7F94CB-4FB8-410D-A912-966F5B76B8B5}"
EndProject
Project("{9A19103F-16F7-4668-BE54-9A1E7A4F7556}") = "StarterSite.Types", "StarterSite.Types\StarterSite.Types.csproj", "{E46D4222-738D-4D1A-A30E-122D3B45CEC8}"
EndProject
Project("{9A19103F-16F7-4668-BE54-9A1E7A4F7556}") = "StarterSite.RCL", "StarterSite.RCL\StarterSite.RCL.csproj", "{E0B3AFB7-34C9-4670-8004-368F2D87DFB3}"
EndProject
Project("{9A19103F-16F7-4668-BE54-9A1E7A4F7556}") = "StarterSite.Client", "StarterSite.Client\StarterSite.Client.csproj", "{E667E640-7B1A-4DA6-BD02-AD9F1E831F62}"
EndProject
Project("{9A19103F-16F7-4668-BE54-9A1E7A4F7556}") = "HBS.Xperience.Categories", "HBS.Xperience.Categories\HBS.Xperience.Categories.csproj", "{6AE73ABC-456F-44D1-9241-9624EBFCD0CA}"
EndProject
Project("{9A19103F-16F7-4668-BE54-9A1E7A4F7556}") = "Xperience.Community.ImageWidget", "Xperience.Community.ImageWidget\Xperience.Community.ImageWidget.csproj", "{6F589CD6-7E01-40BE-A11C-CBFC4ED77D3F}"
EndProject
Project("{9A19103F-16F7-4668-BE54-9A1E7A4F7556}") = "HBS.Xperience.TransformableViews", "HBS.Xperience.TransformableViews\HBS.Xperience.TransformableViews.csproj", "{6FF9557A-BDB4-41CB-A627-30F7E924FF90}"
EndProject
Project("{9A19103F-16F7-4668-BE54-9A1E7A4F7556}") = "Xperience.Community.BootstrapRowSection", "Xperience.Community.BootstrapRowSection\Xperience.Community.BootstrapRowSection.csproj", "{6020AE05-E9E9-4469-8B59-5B6853D2A513}"
EndProject
Global
	GlobalSection(SolutionConfigurationPlatforms) = preSolution
		Debug|Any CPU = Debug|Any CPU
		QA|Any CPU = QA|Any CPU
		Release|Any CPU = Release|Any CPU
	EndGlobalSection
	GlobalSection(ProjectConfigurationPlatforms) = postSolution
		{F382D577-AEBB-4A0C-844A-F29806BA3167}.Debug|Any CPU.ActiveCfg = Debug|Any CPU
		{F382D577-AEBB-4A0C-844A-F29806BA3167}.Debug|Any CPU.Build.0 = Debug|Any CPU
		{F382D577-AEBB-4A0C-844A-F29806BA3167}.QA|Any CPU.ActiveCfg = QA|Any CPU
		{F382D577-AEBB-4A0C-844A-F29806BA3167}.QA|Any CPU.Build.0 = QA|Any CPU
		{F382D577-AEBB-4A0C-844A-F29806BA3167}.Release|Any CPU.ActiveCfg = Release|Any CPU
		{F382D577-AEBB-4A0C-844A-F29806BA3167}.Release|Any CPU.Build.0 = Release|Any CPU
		{491F4E93-ED45-4B64-B1EB-34532D4A412E}.Debug|Any CPU.ActiveCfg = Debug|Any CPU
		{491F4E93-ED45-4B64-B1EB-34532D4A412E}.Debug|Any CPU.Build.0 = Debug|Any CPU
		{491F4E93-ED45-4B64-B1EB-34532D4A412E}.QA|Any CPU.ActiveCfg = QA|Any CPU
		{491F4E93-ED45-4B64-B1EB-34532D4A412E}.QA|Any CPU.Build.0 = QA|Any CPU
		{491F4E93-ED45-4B64-B1EB-34532D4A412E}.Release|Any CPU.ActiveCfg = Release|Any CPU
		{491F4E93-ED45-4B64-B1EB-34532D4A412E}.Release|Any CPU.Build.0 = Release|Any CPU
		{9E7F94CB-4FB8-410D-A912-966F5B76B8B5}.Debug|Any CPU.ActiveCfg = Debug|Any CPU
		{9E7F94CB-4FB8-410D-A912-966F5B76B8B5}.Debug|Any CPU.Build.0 = Debug|Any CPU
		{9E7F94CB-4FB8-410D-A912-966F5B76B8B5}.QA|Any CPU.ActiveCfg = QA|Any CPU
		{9E7F94CB-4FB8-410D-A912-966F5B76B8B5}.QA|Any CPU.Build.0 = QA|Any CPU
		{9E7F94CB-4FB8-410D-A912-966F5B76B8B5}.Release|Any CPU.ActiveCfg = Release|Any CPU
		{9E7F94CB-4FB8-410D-A912-966F5B76B8B5}.Release|Any CPU.Build.0 = Release|Any CPU
		{E46D4222-738D-4D1A-A30E-122D3B45CEC8}.Debug|Any CPU.ActiveCfg = Debug|Any CPU
		{E46D4222-738D-4D1A-A30E-122D3B45CEC8}.Debug|Any CPU.Build.0 = Debug|Any CPU
		{E46D4222-738D-4D1A-A30E-122D3B45CEC8}.QA|Any CPU.ActiveCfg = QA|Any CPU
		{E46D4222-738D-4D1A-A30E-122D3B45CEC8}.QA|Any CPU.Build.0 = QA|Any CPU
		{E46D4222-738D-4D1A-A30E-122D3B45CEC8}.Release|Any CPU.ActiveCfg = Release|Any CPU
		{E46D4222-738D-4D1A-A30E-122D3B45CEC8}.Release|Any CPU.Build.0 = Release|Any CPU
		{E0B3AFB7-34C9-4670-8004-368F2D87DFB3}.Debug|Any CPU.ActiveCfg = Debug|Any CPU
		{E0B3AFB7-34C9-4670-8004-368F2D87DFB3}.Debug|Any CPU.Build.0 = Debug|Any CPU
		{E0B3AFB7-34C9-4670-8004-368F2D87DFB3}.QA|Any CPU.ActiveCfg = QA|Any CPU
		{E0B3AFB7-34C9-4670-8004-368F2D87DFB3}.QA|Any CPU.Build.0 = QA|Any CPU
		{E0B3AFB7-34C9-4670-8004-368F2D87DFB3}.Release|Any CPU.ActiveCfg = Release|Any CPU
		{E0B3AFB7-34C9-4670-8004-368F2D87DFB3}.Release|Any CPU.Build.0 = Release|Any CPU
		{E667E640-7B1A-4DA6-BD02-AD9F1E831F62}.Debug|Any CPU.ActiveCfg = Debug|Any CPU
		{E667E640-7B1A-4DA6-BD02-AD9F1E831F62}.Debug|Any CPU.Build.0 = Debug|Any CPU
		{E667E640-7B1A-4DA6-BD02-AD9F1E831F62}.QA|Any CPU.ActiveCfg = QA|Any CPU
		{E667E640-7B1A-4DA6-BD02-AD9F1E831F62}.QA|Any CPU.Build.0 = QA|Any CPU
		{E667E640-7B1A-4DA6-BD02-AD9F1E831F62}.Release|Any CPU.ActiveCfg = Release|Any CPU
		{E667E640-7B1A-4DA6-BD02-AD9F1E831F62}.Release|Any CPU.Build.0 = Release|Any CPU
		{6AE73ABC-456F-44D1-9241-9624EBFCD0CA}.Debug|Any CPU.ActiveCfg = Debug|Any CPU
		{6AE73ABC-456F-44D1-9241-9624EBFCD0CA}.Debug|Any CPU.Build.0 = Debug|Any CPU
		{6AE73ABC-456F-44D1-9241-9624EBFCD0CA}.QA|Any CPU.ActiveCfg = Debug|Any CPU
		{6AE73ABC-456F-44D1-9241-9624EBFCD0CA}.QA|Any CPU.Build.0 = Debug|Any CPU
		{6AE73ABC-456F-44D1-9241-9624EBFCD0CA}.Release|Any CPU.ActiveCfg = Release|Any CPU
		{6AE73ABC-456F-44D1-9241-9624EBFCD0CA}.Release|Any CPU.Build.0 = Release|Any CPU
		{6F589CD6-7E01-40BE-A11C-CBFC4ED77D3F}.Debug|Any CPU.ActiveCfg = Debug|Any CPU
		{6F589CD6-7E01-40BE-A11C-CBFC4ED77D3F}.Debug|Any CPU.Build.0 = Debug|Any CPU
		{6F589CD6-7E01-40BE-A11C-CBFC4ED77D3F}.QA|Any CPU.ActiveCfg = Debug|Any CPU
		{6F589CD6-7E01-40BE-A11C-CBFC4ED77D3F}.QA|Any CPU.Build.0 = Debug|Any CPU
		{6F589CD6-7E01-40BE-A11C-CBFC4ED77D3F}.Release|Any CPU.ActiveCfg = Release|Any CPU
		{6F589CD6-7E01-40BE-A11C-CBFC4ED77D3F}.Release|Any CPU.Build.0 = Release|Any CPU
		{6FF9557A-BDB4-41CB-A627-30F7E924FF90}.Debug|Any CPU.ActiveCfg = Debug|Any CPU
		{6FF9557A-BDB4-41CB-A627-30F7E924FF90}.Debug|Any CPU.Build.0 = Debug|Any CPU
		{6FF9557A-BDB4-41CB-A627-30F7E924FF90}.QA|Any CPU.ActiveCfg = Debug|Any CPU
		{6FF9557A-BDB4-41CB-A627-30F7E924FF90}.QA|Any CPU.Build.0 = Debug|Any CPU
		{6FF9557A-BDB4-41CB-A627-30F7E924FF90}.Release|Any CPU.ActiveCfg = Release|Any CPU
		{6FF9557A-BDB4-41CB-A627-30F7E924FF90}.Release|Any CPU.Build.0 = Release|Any CPU
		{6020AE05-E9E9-4469-8B59-5B6853D2A513}.Debug|Any CPU.ActiveCfg = Debug|Any CPU
		{6020AE05-E9E9-4469-8B59-5B6853D2A513}.Debug|Any CPU.Build.0 = Debug|Any CPU
		{6020AE05-E9E9-4469-8B59-5B6853D2A513}.QA|Any CPU.ActiveCfg = Debug|Any CPU
		{6020AE05-E9E9-4469-8B59-5B6853D2A513}.QA|Any CPU.Build.0 = Debug|Any CPU
		{6020AE05-E9E9-4469-8B59-5B6853D2A513}.Release|Any CPU.ActiveCfg = Release|Any CPU
		{6020AE05-E9E9-4469-8B59-5B6853D2A513}.Release|Any CPU.Build.0 = Release|Any CPU
	EndGlobalSection
	GlobalSection(SolutionProperties) = preSolution
		HideSolutionNode = FALSE
	EndGlobalSection
	GlobalSection(ExtensibilityGlobals) = postSolution
		SolutionGuid = {7BC6D7CD-6B70-4A26-8B46-2A9C3F56E1C2}
	EndGlobalSection
EndGlobal
